Microsoft Visual Studio Solution File, Format Version 12.00
# Visual Studio Version 16
VisualStudioVersion = 16.0.30225.117
MinimumVisualStudioVersion = 10.0.40219.1
Project("{8BC9CEB8-8B4A-11D0-8D11-00A0C91BC942}") = "libsodium", "libsodium.vcxproj", "{A185B162-6CB6-4502-B03F-B56F7699A8D9}"
EndProject
Global
	GlobalSection(SolutionConfigurationPlatforms) = preSolution
		Debug|durango = Debug|durango
		Debug|NX64 = Debug|NX64
		Debug|Win32 = Debug|Win32
		Debug|x64 = Debug|x64
		DebugDLL|durango = DebugDLL|durango
		DebugDLL|NX64 = DebugDLL|NX64
		DebugDLL|Win32 = DebugDLL|Win32
		DebugDLL|x64 = DebugDLL|x64
		Release|durango = Release|durango
		Release|NX64 = Release|NX64
		Release|Win32 = Release|Win32
		Release|x64 = Release|x64
		ReleaseDLL|durango = ReleaseDLL|durango
		ReleaseDLL|NX64 = ReleaseDLL|NX64
		ReleaseDLL|Win32 = ReleaseDLL|Win32
		ReleaseDLL|x64 = ReleaseDLL|x64
	EndGlobalSection
	GlobalSection(ProjectConfigurationPlatforms) = postSolution
		{A185B162-6CB6-4502-B03F-B56F7699A8D9}.Debug|durango.ActiveCfg = Debug|durango
		{A185B162-6CB6-4502-B03F-B56F7699A8D9}.Debug|durango.Build.0 = Debug|durango
		{A185B162-6CB6-4502-B03F-B56F7699A8D9}.Debug|NX64.ActiveCfg = Debug|NX64
		{A185B162-6CB6-4502-B03F-B56F7699A8D9}.Debug|NX64.Build.0 = Debug|NX64
		{A185B162-6CB6-4502-B03F-B56F7699A8D9}.Debug|Win32.ActiveCfg = Debug|Win32
		{A185B162-6CB6-4502-B03F-B56F7699A8D9}.Debug|Win32.Build.0 = Debug|Win32
		{A185B162-6CB6-4502-B03F-B56F7699A8D9}.Debug|x64.ActiveCfg = Debug|x64
		{A185B162-6CB6-4502-B03F-B56F7699A8D9}.Debug|x64.Build.0 = Debug|x64
		{A185B162-6CB6-4502-B03F-B56F7699A8D9}.DebugDLL|durango.ActiveCfg = DebugDLL|durango
		{A185B162-6CB6-4502-B03F-B56F7699A8D9}.DebugDLL|durango.Build.0 = DebugDLL|durango
		{A185B162-6CB6-4502-B03F-B56F7699A8D9}.DebugDLL|NX64.ActiveCfg = DebugDLL|NX64
		{A185B162-6CB6-4502-B03F-B56F7699A8D9}.DebugDLL|NX64.Build.0 = DebugDLL|NX64
		{A185B162-6CB6-4502-B03F-B56F7699A8D9}.DebugDLL|Win32.ActiveCfg = DebugDLL|Win32
		{A185B162-6CB6-4502-B03F-B56F7699A8D9}.DebugDLL|Win32.Build.0 = DebugDLL|Win32
		{A185B162-6CB6-4502-B03F-B56F7699A8D9}.DebugDLL|x64.ActiveCfg = DebugDLL|x64
		{A185B162-6CB6-4502-B03F-B56F7699A8D9}.DebugDLL|x64.Build.0 = DebugDLL|x64
		{A185B162-6CB6-4502-B03F-B56F7699A8D9}.Release|durango.ActiveCfg = Release|durango
		{A185B162-6CB6-4502-B03F-B56F7699A8D9}.Release|durango.Build.0 = Release|durango
		{A185B162-6CB6-4502-B03F-B56F7699A8D9}.Release|NX64.ActiveCfg = Release|NX64
		{A185B162-6CB6-4502-B03F-B56F7699A8D9}.Release|NX64.Build.0 = Release|NX64
		{A185B162-6CB6-4502-B03F-B56F7699A8D9}.Release|Win32.ActiveCfg = Release|Win32
		{A185B162-6CB6-4502-B03F-B56F7699A8D9}.Release|Win32.Build.0 = Release|Win32
		{A185B162-6CB6-4502-B03F-B56F7699A8D9}.Release|x64.ActiveCfg = Release|x64
		{A185B162-6CB6-4502-B03F-B56F7699A8D9}.Release|x64.Build.0 = Release|x64
		{A185B162-6CB6-4502-B03F-B56F7699A8D9}.ReleaseDLL|durango.ActiveCfg = ReleaseDLL|durango
		{A185B162-6CB6-4502-B03F-B56F7699A8D9}.ReleaseDLL|durango.Build.0 = ReleaseDLL|durango
		{A185B162-6CB6-4502-B03F-B56F7699A8D9}.ReleaseDLL|NX64.ActiveCfg = ReleaseDLL|NX64
		{A185B162-6CB6-4502-B03F-B56F7699A8D9}.ReleaseDLL|NX64.Build.0 = ReleaseDLL|NX64
		{A185B162-6CB6-4502-B03F-B56F7699A8D9}.ReleaseDLL|Win32.ActiveCfg = ReleaseDLL|Win32
		{A185B162-6CB6-4502-B03F-B56F7699A8D9}.ReleaseDLL|Win32.Build.0 = ReleaseDLL|Win32
		{A185B162-6CB6-4502-B03F-B56F7699A8D9}.ReleaseDLL|x64.ActiveCfg = ReleaseDLL|x64
		{A185B162-6CB6-4502-B03F-B56F7699A8D9}.ReleaseDLL|x64.Build.0 = ReleaseDLL|x64
	EndGlobalSection
	GlobalSection(SolutionProperties) = preSolution
		HideSolutionNode = FALSE
	EndGlobalSection
	GlobalSection(ExtensibilityGlobals) = postSolution
		SolutionGuid = {FDEB4E53-F621-4195-A3B5-4FD1E67DE98F}
	EndGlobalSection
EndGlobal
